<?xml version="1.0" encoding="utf-8"?>
<Project ToolsVersion="4.0" xmlns="http://schemas.microsoft.com/developer/msbuild/2003">
  <ItemGroup>
    <Filter Include="src">
      <UniqueIdentifier>{e655b039-7ce7-4fe3-98ba-901b09891b2b}</UniqueIdentifier>
    </Filter>
    <Filter Include="src\shapes">
      <UniqueIdentifier>{1bb4eb6c-26d3-4233-8f97-869103dfb98a}</UniqueIdentifier>
    </Filter>
    <Filter Include="src\serialization">
      <UniqueIdentifier>{bb291bbc-ebdc-4040-adeb-5c235d3d7a3f}</UniqueIdentifier>
    </Filter>
    <Filter Include="src\utils">
      <UniqueIdentifier>{7a346ea3-38bb-4d50-b567-8561d43eb3c8}</UniqueIdentifier>
    </Filter>
    <Filter Include="src\analyser">
      <UniqueIdentifier>{8682b231-5199-4821-9f2d-4bf7846ac3e0}</UniqueIdentifier>
    </Filter>
  </ItemGroup>
  <ItemGroup>
    <ClCompile Include="..\..\src\main.cpp">
      <Filter>src</Filter>
    </ClCompile>
    <ClCompile Include="..\..\src\precompiled.cpp">
      <Filter>src</Filter>
    </ClCompile>
    <ClCompile Include="..\..\src\ShapeIntersection.cpp">
      <Filter>src</Filter>
    </ClCompile>
    <ClCompile Include="..\..\src\shapes\Rectangle.cpp">
      <Filter>src\shapes</Filter>
    </ClCompile>
    <ClCompile Include="..\..\src\serialization\Reader.cpp">
      <Filter>src\serialization</Filter>
    </ClCompile>
    <ClCompile Include="..\..\src\utils\Log.cpp">
      <Filter>src\utils</Filter>
    </ClCompile>
    <ClCompile Include="..\..\src\analyser\Analyser.cpp">
      <Filter>src\analyser</Filter>
    </ClCompile>
    <ClCompile Include="..\..\src\analyser\Intersection.cpp">
      <Filter>src\analyser</Filter>
    </ClCompile>
  </ItemGroup>
  <ItemGroup>
    <ClInclude Include="..\..\src\precompiled.h">
      <Filter>src</Filter>
    </ClInclude>
    <ClInclude Include="..\..\src\ShapeIntersection.h">
      <Filter>src</Filter>
    </ClInclude>
    <ClInclude Include="..\..\src\shapes\Shape.h">
      <Filter>src\shapes</Filter>
    </ClInclude>
    <ClInclude Include="..\..\src\shapes\ShapeFactory.h">
      <Filter>src\shapes</Filter>
    </ClInclude>
    <ClInclude Include="..\..\src\shapes\Rectangle.h">
      <Filter>src\shapes</Filter>
    </ClInclude>
    <ClInclude Include="..\..\src\serialization\Reader.h">
      <Filter>src\serialization</Filter>
    </ClInclude>
    <ClInclude Include="..\..\src\serialization\ISerializable.h">
      <Filter>src\serialization</Filter>
    </ClInclude>
    <ClInclude Include="..\..\src\utils\Log.h">
      <Filter>src\utils</Filter>
    </ClInclude>
    <ClInclude Include="..\..\src\utils\Utils.h">
      <Filter>src\utils</Filter>
    </ClInclude>
    <ClInclude Include="..\..\src\utils\Config.h">
      <Filter>src\utils</Filter>
    </ClInclude>
    <ClInclude Include="..\..\src\shapes\AllShapes.h">
      <Filter>src\shapes</Filter>
    </ClInclude>
    <ClInclude Include="..\..\src\analyser\Analyser.h">
      <Filter>src\analyser</Filter>
    </ClInclude>
    <ClInclude Include="..\..\src\analyser\Intersection.h">
      <Filter>src\analyser</Filter>
    </ClInclude>
  </ItemGroup>
</Project>